
Microsoft Visual Studio Solution File, Format Version 12.00
# Visual Studio Version 17
VisualStudioVersion = 17.4.33110.190
MinimumVisualStudioVersion = 10.0.40219.1
Project("{9A19103F-16F7-4668-BE54-9A1E7A4F7556}") = "LAB2", "LAB2.csproj", "{7B796299-7311-4A0C-846D-3065FA4DA53C}"
EndProject
Global
	GlobalSection(SolutionConfigurationPlatforms) = preSolution
		Debug|Any CPU = Debug|Any CPU
		Release|Any CPU = Release|Any CPU
	EndGlobalSection
	GlobalSection(ProjectConfigurationPlatforms) = postSolution
		{7B796299-7311-4A0C-846D-3065FA4DA53C}.Debug|Any CPU.ActiveCfg = Debug|Any CPU
		{7B796299-7311-4A0C-846D-3065FA4DA53C}.Debug|Any CPU.Build.0 = Debug|Any CPU
		{7B796299-7311-4A0C-846D-3065FA4DA53C}.Release|Any CPU.ActiveCfg = Release|Any CPU
		{7B796299-7311-4A0C-846D-3065FA4DA53C}.Release|Any CPU.Build.0 = Release|Any CPU
	EndGlobalSection
	GlobalSection(SolutionProperties) = preSolution
		HideSolutionNode = FALSE
	EndGlobalSection
	GlobalSection(ExtensibilityGlobals) = postSolution
		SolutionGuid = {E69AACD3-EB8C-4E2E-9711-D3536D8AD7CA}
	EndGlobalSection
EndGlobal
